// !$*UTF8*$!
{
	archiveVersion = 1;
	classes = {
	};
	objectVersion = 46;
	objects = {

/* Begin PBXBuildFile section */
		B9764D6419078ADA000A1DB2 /* big_endian.h in Headers */ = {isa = PBXBuildFile; fileRef = B9764D5D19078ADA000A1DB2 /* big_endian.h */; };
		B9764D6519078ADA000A1DB2 /* fixed_point.h in Headers */ = {isa = PBXBuildFile; fileRef = B9764D5E19078ADA000A1DB2 /* fixed_point.h */; };
		B9764D6619078ADA000A1DB2 /* data_types.h in Headers */ = {isa = PBXBuildFile; fileRef = B9764D5F19078ADA000A1DB2 /* data_types.h */; };
		B9764D6719078ADA000A1DB2 /* head.h in Headers */ = {isa = PBXBuildFile; fileRef = B9764D6119078ADA000A1DB2 /* head.h */; };
		B9764D6819078ADA000A1DB2 /* hhea.h in Headers */ = {isa = PBXBuildFile; fileRef = B9764D6219078ADA000A1DB2 /* hhea.h */; };
		B9764D6919078ADA000A1DB2 /* tables.h in Headers */ = {isa = PBXBuildFile; fileRef = B9764D6319078ADA000A1DB2 /* tables.h */; };
		B9764D6C19078BAC000A1DB2 /* all.cpp in Sources */ = {isa = PBXBuildFile; fileRef = B9764D6A19078BAC000A1DB2 /* all.cpp */; };
/* End PBXBuildFile section */

/* Begin PBXFileReference section */
		B941751D19080DA7008853C9 /* cmap.h */ = {isa = PBXFileReference; lastKnownFileType = sourcecode.c.h; path = cmap.h; sourceTree = "<group>"; };
		B9764D5419078ACA000A1DB2 /* libot-blaze.a */ = {isa = PBXFileReference; explicitFileType = archive.ar; includeInIndex = 0; path = "libot-blaze.a"; sourceTree = BUILT_PRODUCTS_DIR; };
		B9764D5D19078ADA000A1DB2 /* big_endian.h */ = {isa = PBXFileReference; fileEncoding = 4; lastKnownFileType = sourcecode.c.h; path = big_endian.h; sourceTree = "<group>"; };
		B9764D5E19078ADA000A1DB2 /* fixed_point.h */ = {isa = PBXFileReference; fileEncoding = 4; lastKnownFileType = sourcecode.c.h; path = fixed_point.h; sourceTree = "<group>"; };
		B9764D5F19078ADA000A1DB2 /* data_types.h */ = {isa = PBXFileReference; fileEncoding = 4; lastKnownFileType = sourcecode.c.h; path = data_types.h; sourceTree = "<group>"; };
		B9764D6119078ADA000A1DB2 /* head.h */ = {isa = PBXFileReference; fileEncoding = 4; lastKnownFileType = sourcecode.c.h; path = head.h; sourceTree = "<group>"; };
		B9764D6219078ADA000A1DB2 /* hhea.h */ = {isa = PBXFileReference; fileEncoding = 4; lastKnownFileType = sourcecode.c.h; path = hhea.h; sourceTree = "<group>"; };
		B9764D6319078ADA000A1DB2 /* tables.h */ = {isa = PBXFileReference; fileEncoding = 4; lastKnownFileType = sourcecode.c.h; path = tables.h; sourceTree = "<group>"; };
		B9764D6A19078BAC000A1DB2 /* all.cpp */ = {isa = PBXFileReference; fileEncoding = 4; lastKnownFileType = sourcecode.cpp.cpp; path = all.cpp; sourceTree = "<group>"; };
		B9D3859619099837006CC373 /* const_array.h */ = {isa = PBXFileReference; lastKnownFileType = sourcecode.c.h; path = const_array.h; sourceTree = "<group>"; };
		B9D3859719099B54006CC373 /* cmap_header.h */ = {isa = PBXFileReference; lastKnownFileType = sourcecode.c.h; path = cmap_header.h; sourceTree = "<group>"; };
		B9D3859819099B8C006CC373 /* cmap_encoding_record.h */ = {isa = PBXFileReference; lastKnownFileType = sourcecode.c.h; path = cmap_encoding_record.h; sourceTree = "<group>"; };
		B9D3859919099E15006CC373 /* cmap_format4_header.h */ = {isa = PBXFileReference; lastKnownFileType = sourcecode.c.h; path = cmap_format4_header.h; sourceTree = "<group>"; };
/* End PBXFileReference section */

/* Begin PBXFrameworksBuildPhase section */
		B9764D5119078ACA000A1DB2 /* Frameworks */ = {
			isa = PBXFrameworksBuildPhase;
			buildActionMask = 2147483647;
			files = (
			);
			runOnlyForDeploymentPostprocessing = 0;
		};
/* End PBXFrameworksBuildPhase section */

/* Begin PBXGroup section */
		B9764D4B19078ACA000A1DB2 = {
			isa = PBXGroup;
			children = (
				B9764D6A19078BAC000A1DB2 /* all.cpp */,
				B9764D5B19078ADA000A1DB2 /* ot */,
				B9764D5519078ACA000A1DB2 /* Products */,
			);
			sourceTree = "<group>";
		};
		B9764D5519078ACA000A1DB2 /* Products */ = {
			isa = PBXGroup;
			children = (
				B9764D5419078ACA000A1DB2 /* libot-blaze.a */,
			);
			name = Products;
			sourceTree = "<group>";
		};
		B9764D5B19078ADA000A1DB2 /* ot */ = {
			isa = PBXGroup;
			children = (
				B9764D5C19078ADA000A1DB2 /* data_type */,
				B9764D5F19078ADA000A1DB2 /* data_types.h */,
				B9764D6019078ADA000A1DB2 /* table */,
				B9764D6319078ADA000A1DB2 /* tables.h */,
			);
			name = ot;
			path = ../../../include/ot;
			sourceTree = "<group>";
		};
		B9764D5C19078ADA000A1DB2 /* data_type */ = {
			isa = PBXGroup;
			children = (
				B9764D5D19078ADA000A1DB2 /* big_endian.h */,
				B9764D5E19078ADA000A1DB2 /* fixed_point.h */,
			);
			path = data_type;
			sourceTree = "<group>";
		};
		B9764D6019078ADA000A1DB2 /* table */ = {
			isa = PBXGroup;
			children = (
				B941751D19080DA7008853C9 /* cmap.h */,
				B9D3859819099B8C006CC373 /* cmap_encoding_record.h */,
				B9D3859919099E15006CC373 /* cmap_format4_header.h */,
				B9D3859719099B54006CC373 /* cmap_header.h */,
				B9D3859619099837006CC373 /* const_array.h */,
				B9764D6119078ADA000A1DB2 /* head.h */,
				B9764D6219078ADA000A1DB2 /* hhea.h */,
			);
			path = table;
			sourceTree = "<group>";
		};
/* End PBXGroup section */

/* Begin PBXHeadersBuildPhase section */
		B9764D5219078ACA000A1DB2 /* Headers */ = {
			isa = PBXHeadersBuildPhase;
			buildActionMask = 2147483647;
			files = (
				B9764D6819078ADA000A1DB2 /* hhea.h in Headers */,
				B9764D6919078ADA000A1DB2 /* tables.h in Headers */,
				B9764D6519078ADA000A1DB2 /* fixed_point.h in Headers */,
				B9764D6419078ADA000A1DB2 /* big_endian.h in Headers */,
				B9764D6719078ADA000A1DB2 /* head.h in Headers */,
				B9764D6619078ADA000A1DB2 /* data_types.h in Headers */,
			);
			runOnlyForDeploymentPostprocessing = 0;
		};
/* End PBXHeadersBuildPhase section */

/* Begin PBXNativeTarget section */
		B9764D5319078ACA000A1DB2 /* ot-blaze */ = {
			isa = PBXNativeTarget;
			buildConfigurationList = B9764D5819078ACA000A1DB2 /* Build configuration list for PBXNativeTarget "ot-blaze" */;
			buildPhases = (
				B9764D5019078ACA000A1DB2 /* Sources */,
				B9764D5119078ACA000A1DB2 /* Frameworks */,
				B9764D5219078ACA000A1DB2 /* Headers */,
			);
			buildRules = (
			);
			dependencies = (
			);
			name = "ot-blaze";
			productName = "ot-blaze";
			productReference = B9764D5419078ACA000A1DB2 /* libot-blaze.a */;
			productType = "com.apple.product-type.library.static";
		};
/* End PBXNativeTarget section */

/* Begin PBXProject section */
		B9764D4C19078ACA000A1DB2 /* Project object */ = {
			isa = PBXProject;
			attributes = {
				LastUpgradeCheck = 0510;
				ORGANIZATIONNAME = "Scott Fleischman";
			};
			buildConfigurationList = B9764D4F19078ACA000A1DB2 /* Build configuration list for PBXProject "ot-blaze" */;
			compatibilityVersion = "Xcode 3.2";
			developmentRegion = English;
			hasScannedForEncodings = 0;
			knownRegions = (
				en,
			);
			mainGroup = B9764D4B19078ACA000A1DB2;
			productRefGroup = B9764D5519078ACA000A1DB2 /* Products */;
			projectDirPath = "";
			projectRoot = "";
			targets = (
				B9764D5319078ACA000A1DB2 /* ot-blaze */,
			);
		};
/* End PBXProject section */

/* Begin PBXSourcesBuildPhase section */
		B9764D5019078ACA000A1DB2 /* Sources */ = {
			isa = PBXSourcesBuildPhase;
			buildActionMask = 2147483647;
			files = (
				B9764D6C19078BAC000A1DB2 /* all.cpp in Sources */,
			);
			runOnlyForDeploymentPostprocessing = 0;
		};
/* End PBXSourcesBuildPhase section */

/* Begin XCBuildConfiguration section */
		B9764D5619078ACA000A1DB2 /* Debug */ = {
			isa = XCBuildConfiguration;
			buildSettings = {
				ALWAYS_SEARCH_USER_PATHS = NO;
				CLANG_CXX_LANGUAGE_STANDARD = "gnu++0x";
				CLANG_CXX_LIBRARY = "libc++";
				CLANG_ENABLE_MODULES = YES;
				CLANG_ENABLE_OBJC_ARC = YES;
				CLANG_WARN_BOOL_CONVERSION = YES;
				CLANG_WARN_CONSTANT_CONVERSION = YES;
				CLANG_WARN_DIRECT_OBJC_ISA_USAGE = YES_ERROR;
				CLANG_WARN_EMPTY_BODY = YES;
				CLANG_WARN_ENUM_CONVERSION = YES;
				CLANG_WARN_INT_CONVERSION = YES;
				CLANG_WARN_OBJC_ROOT_CLASS = YES_ERROR;
				CLANG_WARN__DUPLICATE_METHOD_MATCH = YES;
				COPY_PHASE_STRIP = NO;
				GCC_C_LANGUAGE_STANDARD = gnu99;
				GCC_DYNAMIC_NO_PIC = NO;
				GCC_ENABLE_OBJC_EXCEPTIONS = YES;
				GCC_OPTIMIZATION_LEVEL = 0;
				GCC_PREPROCESSOR_DEFINITIONS = (
					"DEBUG=1",
					"$(inherited)",
				);
				GCC_SYMBOLS_PRIVATE_EXTERN = NO;
				GCC_WARN_64_TO_32_BIT_CONVERSION = YES;
				GCC_WARN_ABOUT_RETURN_TYPE = YES_ERROR;
				GCC_WARN_UNDECLARED_SELECTOR = YES;
				GCC_WARN_UNINITIALIZED_AUTOS = YES_AGGRESSIVE;
				GCC_WARN_UNUSED_FUNCTION = YES;
				GCC_WARN_UNUSED_VARIABLE = YES;
				HEADER_SEARCH_PATHS = (
					"$(inherited)",
					/Applications/Xcode.app/Contents/Developer/Toolchains/XcodeDefault.xctoolchain/usr/include,
					../../../include,
				);
				MACOSX_DEPLOYMENT_TARGET = 10.9;
				ONLY_ACTIVE_ARCH = YES;
				SDKROOT = macosx;
			};
			name = Debug;
		};
		B9764D5719078ACA000A1DB2 /* Release */ = {
			isa = XCBuildConfiguration;
			buildSettings = {
				ALWAYS_SEARCH_USER_PATHS = NO;
				CLANG_CXX_LANGUAGE_STANDARD = "gnu++0x";
				CLANG_CXX_LIBRARY = "libc++";
				CLANG_ENABLE_MODULES = YES;
				CLANG_ENABLE_OBJC_ARC = YES;
				CLANG_WARN_BOOL_CONVERSION = YES;
				CLANG_WARN_CONSTANT_CONVERSION = YES;
				CLANG_WARN_DIRECT_OBJC_ISA_USAGE = YES_ERROR;
				CLANG_WARN_EMPTY_BODY = YES;
				CLANG_WARN_ENUM_CONVERSION = YES;
				CLANG_WARN_INT_CONVERSION = YES;
				CLANG_WARN_OBJC_ROOT_CLASS = YES_ERROR;
				CLANG_WARN__DUPLICATE_METHOD_MATCH = YES;
				COPY_PHASE_STRIP = YES;
				DEBUG_INFORMATION_FORMAT = "dwarf-with-dsym";
				ENABLE_NS_ASSERTIONS = NO;
				GCC_C_LANGUAGE_STANDARD = gnu99;
				GCC_ENABLE_OBJC_EXCEPTIONS = YES;
				GCC_WARN_64_TO_32_BIT_CONVERSION = YES;
				GCC_WARN_ABOUT_RETURN_TYPE = YES_ERROR;
				GCC_WARN_UNDECLARED_SELECTOR = YES;
				GCC_WARN_UNINITIALIZED_AUTOS = YES_AGGRESSIVE;
				GCC_WARN_UNUSED_FUNCTION = YES;
				GCC_WARN_UNUSED_VARIABLE = YES;
				HEADER_SEARCH_PATHS = (
					"$(inherited)",
					/Applications/Xcode.app/Contents/Developer/Toolchains/XcodeDefault.xctoolchain/usr/include,
					../../../include,
				);
				MACOSX_DEPLOYMENT_TARGET = 10.9;
				SDKROOT = macosx;
			};
			name = Release;
		};
		B9764D5919078ACA000A1DB2 /* Debug */ = {
			isa = XCBuildConfiguration;
			buildSettings = {
				EXECUTABLE_PREFIX = lib;
				PRODUCT_NAME = "$(TARGET_NAME)";
			};
			name = Debug;
		};
		B9764D5A19078ACA000A1DB2 /* Release */ = {
			isa = XCBuildConfiguration;
			buildSettings = {
				EXECUTABLE_PREFIX = lib;
				PRODUCT_NAME = "$(TARGET_NAME)";
			};
			name = Release;
		};
/* End XCBuildConfiguration section */

/* Begin XCConfigurationList section */
		B9764D4F19078ACA000A1DB2 /* Build configuration list for PBXProject "ot-blaze" */ = {
			isa = XCConfigurationList;
			buildConfigurations = (
				B9764D5619078ACA000A1DB2 /* Debug */,
				B9764D5719078ACA000A1DB2 /* Release */,
			);
			defaultConfigurationIsVisible = 0;
			defaultConfigurationName = Release;
		};
		B9764D5819078ACA000A1DB2 /* Build configuration list for PBXNativeTarget "ot-blaze" */ = {
			isa = XCConfigurationList;
			buildConfigurations = (
				B9764D5919078ACA000A1DB2 /* Debug */,
				B9764D5A19078ACA000A1DB2 /* Release */,
			);
			defaultConfigurationIsVisible = 0;
			defaultConfigurationName = Release;
		};
/* End XCConfigurationList section */
	};
	rootObject = B9764D4C19078ACA000A1DB2 /* Project object */;
}
